
Microsoft Visual Studio Solution File, Format Version 12.00
# Visual Studio Version 16
VisualStudioVersion = 16.0.31729.503
MinimumVisualStudioVersion = 10.0.40219.1
Project("{9A19103F-16F7-4668-BE54-9A1E7A4F7556}") = "Consumer", "Consumer\Consumer.csproj", "{5136A181-BF3A-4D31-9AFA-85968AB6737B}"
EndProject
Project("{FAE04EC0-301F-11D3-BF4B-00C04F79EFBC}") = "Publisher", "Publisher\Publisher.csproj", "{65F8A1D9-7FA7-411E-80E3-92FD37FDC013}"
EndProject
Global
	GlobalSection(SolutionConfigurationPlatforms) = preSolution
		Debug|Any CPU = Debug|Any CPU
		Release|Any CPU = Release|Any CPU
	EndGlobalSection
	GlobalSection(ProjectConfigurationPlatforms) = postSolution
		{5136A181-BF3A-4D31-9AFA-85968AB6737B}.Debug|Any CPU.ActiveCfg = Debug|Any CPU
		{5136A181-BF3A-4D31-9AFA-85968AB6737B}.Debug|Any CPU.Build.0 = Debug|Any CPU
		{5136A181-BF3A-4D31-9AFA-85968AB6737B}.Release|Any CPU.ActiveCfg = Release|Any CPU
		{5136A181-BF3A-4D31-9AFA-85968AB6737B}.Release|Any CPU.Build.0 = Release|Any CPU
		{65F8A1D9-7FA7-411E-80E3-92FD37FDC013}.Debug|Any CPU.ActiveCfg = Debug|Any CPU
		{65F8A1D9-7FA7-411E-80E3-92FD37FDC013}.Debug|Any CPU.Build.0 = Debug|Any CPU
		{65F8A1D9-7FA7-411E-80E3-92FD37FDC013}.Release|Any CPU.ActiveCfg = Release|Any CPU
		{65F8A1D9-7FA7-411E-80E3-92FD37FDC013}.Release|Any CPU.Build.0 = Release|Any CPU
	EndGlobalSection
	GlobalSection(SolutionProperties) = preSolution
		HideSolutionNode = FALSE
	EndGlobalSection
	GlobalSection(ExtensibilityGlobals) = postSolution
		SolutionGuid = {1B9D7EF5-A370-4A42-B2D6-25D008E48CA4}
	EndGlobalSection
EndGlobal
